
Microsoft Visual Studio Solution File, Format Version 12.00
# Visual Studio Version 16
VisualStudioVersion = 16.0.34031.81
MinimumVisualStudioVersion = 10.0.40219.1
Project("{FAE04EC0-301F-11D3-BF4B-00C04F79EFBC}") = "ClienteAPIWF", "ClienteAPIWF\ClienteAPIWF.csproj", "{5E6B7A47-B832-4541-8098-961FB53F027F}"
EndProject
Global
	GlobalSection(SolutionConfigurationPlatforms) = preSolution
		Debug|Any CPU = Debug|Any CPU
		Release|Any CPU = Release|Any CPU
	EndGlobalSection
	GlobalSection(ProjectConfigurationPlatforms) = postSolution
		{5E6B7A47-B832-4541-8098-961FB53F027F}.Debug|Any CPU.ActiveCfg = Debug|Any CPU
		{5E6B7A47-B832-4541-8098-961FB53F027F}.Debug|Any CPU.Build.0 = Debug|Any CPU
		{5E6B7A47-B832-4541-8098-961FB53F027F}.Release|Any CPU.ActiveCfg = Release|Any CPU
		{5E6B7A47-B832-4541-8098-961FB53F027F}.Release|Any CPU.Build.0 = Release|Any CPU
	EndGlobalSection
	GlobalSection(SolutionProperties) = preSolution
		HideSolutionNode = FALSE
	EndGlobalSection
	GlobalSection(ExtensibilityGlobals) = postSolution
		SolutionGuid = {EF6FDBC3-E53D-4F36-A1E8-6E5082BCF472}
	EndGlobalSection
EndGlobal
